
Microsoft Visual Studio Solution File, Format Version 12.00
# Visual Studio Version 16
VisualStudioVersion = 16.0.31229.75
MinimumVisualStudioVersion = 10.0.40219.1
Project("{888888A0-9F3D-457C-B088-3A5042F75D52}") = "CommentScraper", "CommentScraper\CommentScraper.pyproj", "{D3EA1DBB-F442-4F58-A01B-8FC27981E91F}"
EndProject
Project("{888888A0-9F3D-457C-B088-3A5042F75D52}") = "UserStats", "UserStats\UserStats.pyproj", "{64E187A1-A0E7-437E-B0C5-48F04FA8880A}"
EndProject
Project("{2150E333-8FDC-42A3-9474-1A3956D46DE8}") = "Solution Items", "Solution Items", "{2E614B53-7589-4863-8188-6AF740164470}"
	ProjectSection(SolutionItems) = preProject
		credentials.json = credentials.json
		credentials.py = credentials.py
	EndProjectSection
EndProject
Global
	GlobalSection(SolutionConfigurationPlatforms) = preSolution
		Debug|Any CPU = Debug|Any CPU
		Release|Any CPU = Release|Any CPU
	EndGlobalSection
	GlobalSection(ProjectConfigurationPlatforms) = postSolution
		{D3EA1DBB-F442-4F58-A01B-8FC27981E91F}.Debug|Any CPU.ActiveCfg = Debug|Any CPU
		{D3EA1DBB-F442-4F58-A01B-8FC27981E91F}.Release|Any CPU.ActiveCfg = Release|Any CPU
		{64E187A1-A0E7-437E-B0C5-48F04FA8880A}.Debug|Any CPU.ActiveCfg = Debug|Any CPU
		{64E187A1-A0E7-437E-B0C5-48F04FA8880A}.Release|Any CPU.ActiveCfg = Release|Any CPU
	EndGlobalSection
	GlobalSection(SolutionProperties) = preSolution
		HideSolutionNode = FALSE
	EndGlobalSection
	GlobalSection(ExtensibilityGlobals) = postSolution
		SolutionGuid = {C60D415E-4903-4ED8-9497-824C60BC23D9}
	EndGlobalSection
EndGlobal
